
Microsoft Visual Studio Solution File, Format Version 12.00
# Visual Studio 15
VisualStudioVersion = 15.0.27130.2036
MinimumVisualStudioVersion = 10.0.40219.1
Project("{FAE04EC0-301F-11D3-BF4B-00C04F79EFBC}") = "SangHung.MovieLib", "SangHung.MovieLib\SangHung.MovieLib.csproj", "{950E9AA4-EC11-4CBC-9B98-07C6F3266336}"
EndProject
Global
	GlobalSection(SolutionConfigurationPlatforms) = preSolution
		Debug|Any CPU = Debug|Any CPU
		Release|Any CPU = Release|Any CPU
	EndGlobalSection
	GlobalSection(ProjectConfigurationPlatforms) = postSolution
		{950E9AA4-EC11-4CBC-9B98-07C6F3266336}.Debug|Any CPU.ActiveCfg = Debug|Any CPU
		{950E9AA4-EC11-4CBC-9B98-07C6F3266336}.Debug|Any CPU.Build.0 = Debug|Any CPU
		{950E9AA4-EC11-4CBC-9B98-07C6F3266336}.Release|Any CPU.ActiveCfg = Release|Any CPU
		{950E9AA4-EC11-4CBC-9B98-07C6F3266336}.Release|Any CPU.Build.0 = Release|Any CPU
	EndGlobalSection
	GlobalSection(SolutionProperties) = preSolution
		HideSolutionNode = FALSE
	EndGlobalSection
	GlobalSection(ExtensibilityGlobals) = postSolution
		SolutionGuid = {253E2AA8-7CED-4FBF-B976-5AF0F26342EA}
	EndGlobalSection
EndGlobal
