
Microsoft Visual Studio Solution File, Format Version 12.00
# Visual Studio 15
VisualStudioVersion = 15.0.27130.2010
MinimumVisualStudioVersion = 10.0.40219.1
Project("{FAE04EC0-301F-11D3-BF4B-00C04F79EFBC}") = "SangHung.MovieLib.Host", "SangHung.MovieLib.Host\SangHung.MovieLib.Host.csproj", "{B4EA5F78-7F0A-4ACB-A06C-AB79864C05E8}"
EndProject
Global
	GlobalSection(SolutionConfigurationPlatforms) = preSolution
		Debug|Any CPU = Debug|Any CPU
		Release|Any CPU = Release|Any CPU
	EndGlobalSection
	GlobalSection(ProjectConfigurationPlatforms) = postSolution
		{B4EA5F78-7F0A-4ACB-A06C-AB79864C05E8}.Debug|Any CPU.ActiveCfg = Debug|Any CPU
		{B4EA5F78-7F0A-4ACB-A06C-AB79864C05E8}.Debug|Any CPU.Build.0 = Debug|Any CPU
		{B4EA5F78-7F0A-4ACB-A06C-AB79864C05E8}.Release|Any CPU.ActiveCfg = Release|Any CPU
		{B4EA5F78-7F0A-4ACB-A06C-AB79864C05E8}.Release|Any CPU.Build.0 = Release|Any CPU
	EndGlobalSection
	GlobalSection(SolutionProperties) = preSolution
		HideSolutionNode = FALSE
	EndGlobalSection
	GlobalSection(ExtensibilityGlobals) = postSolution
		SolutionGuid = {AE297C04-D0C0-419F-AC09-86FC0FF77239}
	EndGlobalSection
EndGlobal
