
Microsoft Visual Studio Solution File, Format Version 12.00
# Visual Studio 15
VisualStudioVersion = 15.0.27130.2010
MinimumVisualStudioVersion = 10.0.40219.1
Project("{FAE04EC0-301F-11D3-BF4B-00C04F79EFBC}") = "Nile.Host", "Nile.Host\Nile.Host.csproj", "{B467640E-AF21-4F3C-B099-1B5FF2236539}"
EndProject
Global
	GlobalSection(SolutionConfigurationPlatforms) = preSolution
		Debug|Any CPU = Debug|Any CPU
		Release|Any CPU = Release|Any CPU
	EndGlobalSection
	GlobalSection(ProjectConfigurationPlatforms) = postSolution
		{B467640E-AF21-4F3C-B099-1B5FF2236539}.Debug|Any CPU.ActiveCfg = Debug|Any CPU
		{B467640E-AF21-4F3C-B099-1B5FF2236539}.Debug|Any CPU.Build.0 = Debug|Any CPU
		{B467640E-AF21-4F3C-B099-1B5FF2236539}.Release|Any CPU.ActiveCfg = Release|Any CPU
		{B467640E-AF21-4F3C-B099-1B5FF2236539}.Release|Any CPU.Build.0 = Release|Any CPU
	EndGlobalSection
	GlobalSection(SolutionProperties) = preSolution
		HideSolutionNode = FALSE
	EndGlobalSection
	GlobalSection(ExtensibilityGlobals) = postSolution
		SolutionGuid = {59F22BD3-C821-4871-A957-DF50FB1EF8AF}
	EndGlobalSection
EndGlobal
