
Microsoft Visual Studio Solution File, Format Version 12.00
# Visual Studio 15
VisualStudioVersion = 15.0.26730.16
MinimumVisualStudioVersion = 10.0.40219.1
Project("{FAE04EC0-301F-11D3-BF4B-00C04F79EFBC}") = "MovieLib.Windows", "MovieLib.WIndows\MovieLib.Windows.csproj", "{217201F6-E8F8-4465-986F-0D918AC6C7D3}"
EndProject
Project("{FAE04EC0-301F-11D3-BF4B-00C04F79EFBC}") = "MovieLib", "MovieLib\MovieLib.csproj", "{0EDAE33F-3B44-40BA-974A-7D7A86D9D8AA}"
EndProject
Project("{FAE04EC0-301F-11D3-BF4B-00C04F79EFBC}") = "MovieLib.Data.Memory", "MovieLib.Data.Memory\MovieLib.Data.Memory.csproj", "{26CE4132-167E-410F-ACB5-FE9057E64C7E}"
EndProject
Global
	GlobalSection(SolutionConfigurationPlatforms) = preSolution
		Debug|Any CPU = Debug|Any CPU
		Release|Any CPU = Release|Any CPU
	EndGlobalSection
	GlobalSection(ProjectConfigurationPlatforms) = postSolution
		{217201F6-E8F8-4465-986F-0D918AC6C7D3}.Debug|Any CPU.ActiveCfg = Debug|Any CPU
		{217201F6-E8F8-4465-986F-0D918AC6C7D3}.Debug|Any CPU.Build.0 = Debug|Any CPU
		{217201F6-E8F8-4465-986F-0D918AC6C7D3}.Release|Any CPU.ActiveCfg = Release|Any CPU
		{217201F6-E8F8-4465-986F-0D918AC6C7D3}.Release|Any CPU.Build.0 = Release|Any CPU
		{0EDAE33F-3B44-40BA-974A-7D7A86D9D8AA}.Debug|Any CPU.ActiveCfg = Debug|Any CPU
		{0EDAE33F-3B44-40BA-974A-7D7A86D9D8AA}.Debug|Any CPU.Build.0 = Debug|Any CPU
		{0EDAE33F-3B44-40BA-974A-7D7A86D9D8AA}.Release|Any CPU.ActiveCfg = Release|Any CPU
		{0EDAE33F-3B44-40BA-974A-7D7A86D9D8AA}.Release|Any CPU.Build.0 = Release|Any CPU
		{26CE4132-167E-410F-ACB5-FE9057E64C7E}.Debug|Any CPU.ActiveCfg = Debug|Any CPU
		{26CE4132-167E-410F-ACB5-FE9057E64C7E}.Debug|Any CPU.Build.0 = Debug|Any CPU
		{26CE4132-167E-410F-ACB5-FE9057E64C7E}.Release|Any CPU.ActiveCfg = Release|Any CPU
		{26CE4132-167E-410F-ACB5-FE9057E64C7E}.Release|Any CPU.Build.0 = Release|Any CPU
	EndGlobalSection
	GlobalSection(SolutionProperties) = preSolution
		HideSolutionNode = FALSE
	EndGlobalSection
	GlobalSection(ExtensibilityGlobals) = postSolution
		SolutionGuid = {541C63ED-7964-46DE-91C6-5A363D199D44}
	EndGlobalSection
EndGlobal
